
Microsoft Visual Studio Solution File, Format Version 12.00
# Visual Studio Version 17
VisualStudioVersion = 17.5.33502.453
MinimumVisualStudioVersion = 10.0.40219.1
Project("{9A19103F-16F7-4668-BE54-9A1E7A4F7556}") = "RSU", "RSU.csproj", "{860E2862-6027-45AA-AF51-A54BB76BAABC}"
EndProject
Global
	GlobalSection(SolutionConfigurationPlatforms) = preSolution
		Debug|Any CPU = Debug|Any CPU
		Release|Any CPU = Release|Any CPU
	EndGlobalSection
	GlobalSection(ProjectConfigurationPlatforms) = postSolution
		{860E2862-6027-45AA-AF51-A54BB76BAABC}.Debug|Any CPU.ActiveCfg = Debug|Any CPU
		{860E2862-6027-45AA-AF51-A54BB76BAABC}.Debug|Any CPU.Build.0 = Debug|Any CPU
		{860E2862-6027-45AA-AF51-A54BB76BAABC}.Release|Any CPU.ActiveCfg = Release|Any CPU
		{860E2862-6027-45AA-AF51-A54BB76BAABC}.Release|Any CPU.Build.0 = Release|Any CPU
	EndGlobalSection
	GlobalSection(SolutionProperties) = preSolution
		HideSolutionNode = FALSE
	EndGlobalSection
	GlobalSection(ExtensibilityGlobals) = postSolution
		SolutionGuid = {AE0DE849-CCE7-4AA0-B886-66B55DA35C59}
	EndGlobalSection
EndGlobal
